
Microsoft Visual Studio Solution File, Format Version 12.00
# Visual Studio 15
VisualStudioVersion = 15.0.28307.1321
MinimumVisualStudioVersion = 10.0.40219.1
Project("{FAE04EC0-301F-11D3-BF4B-00C04F79EFBC}") = "SayiBulOyunu-ArrayIlkSonDegerOrt", "SayiBulOyunu-ArrayIlkSonDegerOrt\SayiBulOyunu-ArrayIlkSonDegerOrt.csproj", "{B8B1FC03-48BE-46CD-909E-349D62B382FD}"
EndProject
Global
	GlobalSection(SolutionConfigurationPlatforms) = preSolution
		Debug|Any CPU = Debug|Any CPU
		Release|Any CPU = Release|Any CPU
	EndGlobalSection
	GlobalSection(ProjectConfigurationPlatforms) = postSolution
		{B8B1FC03-48BE-46CD-909E-349D62B382FD}.Debug|Any CPU.ActiveCfg = Debug|Any CPU
		{B8B1FC03-48BE-46CD-909E-349D62B382FD}.Debug|Any CPU.Build.0 = Debug|Any CPU
		{B8B1FC03-48BE-46CD-909E-349D62B382FD}.Release|Any CPU.ActiveCfg = Release|Any CPU
		{B8B1FC03-48BE-46CD-909E-349D62B382FD}.Release|Any CPU.Build.0 = Release|Any CPU
	EndGlobalSection
	GlobalSection(SolutionProperties) = preSolution
		HideSolutionNode = FALSE
	EndGlobalSection
	GlobalSection(ExtensibilityGlobals) = postSolution
		SolutionGuid = {A1102812-F4F8-4906-9743-20FEFB160658}
	EndGlobalSection
EndGlobal
