
Microsoft Visual Studio Solution File, Format Version 12.00
# Visual Studio Version 16
VisualStudioVersion = 16.0.30907.101
MinimumVisualStudioVersion = 10.0.40219.1
Project("{FAE04EC0-301F-11D3-BF4B-00C04F79EFBC}") = "FormNetCore", "FormNetCore\FormNetCore.csproj", "{50473C4B-F167-4AEF-BFFC-48C690E1DF2D}"
EndProject
Global
	GlobalSection(SolutionConfigurationPlatforms) = preSolution
		Debug|Any CPU = Debug|Any CPU
		Release|Any CPU = Release|Any CPU
	EndGlobalSection
	GlobalSection(ProjectConfigurationPlatforms) = postSolution
		{50473C4B-F167-4AEF-BFFC-48C690E1DF2D}.Debug|Any CPU.ActiveCfg = Debug|Any CPU
		{50473C4B-F167-4AEF-BFFC-48C690E1DF2D}.Debug|Any CPU.Build.0 = Debug|Any CPU
		{50473C4B-F167-4AEF-BFFC-48C690E1DF2D}.Release|Any CPU.ActiveCfg = Release|Any CPU
		{50473C4B-F167-4AEF-BFFC-48C690E1DF2D}.Release|Any CPU.Build.0 = Release|Any CPU
	EndGlobalSection
	GlobalSection(SolutionProperties) = preSolution
		HideSolutionNode = FALSE
	EndGlobalSection
	GlobalSection(ExtensibilityGlobals) = postSolution
		SolutionGuid = {2B9A3CC6-4FFF-48B9-8E74-7910A864CAD5}
	EndGlobalSection
EndGlobal
