
Microsoft Visual Studio Solution File, Format Version 12.00
# Visual Studio 15
VisualStudioVersion = 15.0.28307.1321
MinimumVisualStudioVersion = 10.0.40219.1
Project("{FAE04EC0-301F-11D3-BF4B-00C04F79EFBC}") = "BMI", "BMI\BMI.csproj", "{CAA70D40-17FD-4FF2-8858-FF70F2B230EA}"
EndProject
Global
	GlobalSection(SolutionConfigurationPlatforms) = preSolution
		Debug|Any CPU = Debug|Any CPU
		Release|Any CPU = Release|Any CPU
	EndGlobalSection
	GlobalSection(ProjectConfigurationPlatforms) = postSolution
		{CAA70D40-17FD-4FF2-8858-FF70F2B230EA}.Debug|Any CPU.ActiveCfg = Debug|Any CPU
		{CAA70D40-17FD-4FF2-8858-FF70F2B230EA}.Debug|Any CPU.Build.0 = Debug|Any CPU
		{CAA70D40-17FD-4FF2-8858-FF70F2B230EA}.Release|Any CPU.ActiveCfg = Release|Any CPU
		{CAA70D40-17FD-4FF2-8858-FF70F2B230EA}.Release|Any CPU.Build.0 = Release|Any CPU
	EndGlobalSection
	GlobalSection(SolutionProperties) = preSolution
		HideSolutionNode = FALSE
	EndGlobalSection
	GlobalSection(ExtensibilityGlobals) = postSolution
		SolutionGuid = {F606814B-B50E-4452-85D1-2085B2DC334B}
	EndGlobalSection
EndGlobal
