
Microsoft Visual Studio Solution File, Format Version 12.00
# Visual Studio 15
VisualStudioVersion = 15.0.28307.1321
MinimumVisualStudioVersion = 10.0.40219.1
Project("{FAE04EC0-301F-11D3-BF4B-00C04F79EFBC}") = "AssignmentModals", "AssignmentModals\AssignmentModals.csproj", "{E3344794-8EBD-4A60-AF7E-151E3A9EF1DE}"
EndProject
Global
	GlobalSection(SolutionConfigurationPlatforms) = preSolution
		Debug|Any CPU = Debug|Any CPU
		Release|Any CPU = Release|Any CPU
	EndGlobalSection
	GlobalSection(ProjectConfigurationPlatforms) = postSolution
		{E3344794-8EBD-4A60-AF7E-151E3A9EF1DE}.Debug|Any CPU.ActiveCfg = Debug|Any CPU
		{E3344794-8EBD-4A60-AF7E-151E3A9EF1DE}.Debug|Any CPU.Build.0 = Debug|Any CPU
		{E3344794-8EBD-4A60-AF7E-151E3A9EF1DE}.Release|Any CPU.ActiveCfg = Release|Any CPU
		{E3344794-8EBD-4A60-AF7E-151E3A9EF1DE}.Release|Any CPU.Build.0 = Release|Any CPU
	EndGlobalSection
	GlobalSection(SolutionProperties) = preSolution
		HideSolutionNode = FALSE
	EndGlobalSection
	GlobalSection(ExtensibilityGlobals) = postSolution
		SolutionGuid = {81321104-B85D-400F-89DF-BE442642414A}
	EndGlobalSection
EndGlobal
