
Microsoft Visual Studio Solution File, Format Version 12.00
# Visual Studio Version 16
VisualStudioVersion = 16.0.30907.101
MinimumVisualStudioVersion = 10.0.40219.1
Project("{FAE04EC0-301F-11D3-BF4B-00C04F79EFBC}") = "miniShop", "miniShop\miniShop.csproj", "{803E6950-670F-4C0E-B2EF-4FBF8BA36E23}"
EndProject
Global
	GlobalSection(SolutionConfigurationPlatforms) = preSolution
		Debug|Any CPU = Debug|Any CPU
		Release|Any CPU = Release|Any CPU
	EndGlobalSection
	GlobalSection(ProjectConfigurationPlatforms) = postSolution
		{803E6950-670F-4C0E-B2EF-4FBF8BA36E23}.Debug|Any CPU.ActiveCfg = Debug|Any CPU
		{803E6950-670F-4C0E-B2EF-4FBF8BA36E23}.Debug|Any CPU.Build.0 = Debug|Any CPU
		{803E6950-670F-4C0E-B2EF-4FBF8BA36E23}.Release|Any CPU.ActiveCfg = Release|Any CPU
		{803E6950-670F-4C0E-B2EF-4FBF8BA36E23}.Release|Any CPU.Build.0 = Release|Any CPU
	EndGlobalSection
	GlobalSection(SolutionProperties) = preSolution
		HideSolutionNode = FALSE
	EndGlobalSection
	GlobalSection(ExtensibilityGlobals) = postSolution
		SolutionGuid = {CE7E98C7-407A-4AFA-BDF7-BBFAAA5B1F2C}
	EndGlobalSection
EndGlobal
